// !$*UTF8*$!
{
	archiveVersion = 1;
	classes = {
	};
	objectVersion = 52;
	objects = {

/* Begin PBXBuildFile section */
		8405F223267B343E004B1CC0 /* HeaderBackgroundView.swift in Sources */ = {isa = PBXBuildFile; fileRef = 8405F222267B343E004B1CC0 /* HeaderBackgroundView.swift */; };
		8405F225267B423F004B1CC0 /* ScrollOffSetViewModifier.swift in Sources */ = {isa = PBXBuildFile; fileRef = 8405F224267B423F004B1CC0 /* ScrollOffSetViewModifier.swift */; };
		8405F227267B43D0004B1CC0 /* ViewExtension.swift in Sources */ = {isa = PBXBuildFile; fileRef = 8405F226267B43D0004B1CC0 /* ViewExtension.swift */; };
		8405F229267B4703004B1CC0 /* BindingExtension.swift in Sources */ = {isa = PBXBuildFile; fileRef = 8405F228267B4703004B1CC0 /* BindingExtension.swift */; };
		8405F22B267B514F004B1CC0 /* CacheImageView.swift in Sources */ = {isa = PBXBuildFile; fileRef = 8405F22A267B514F004B1CC0 /* CacheImageView.swift */; };
		840A858226AE8F1E00FDEF38 /* TextFieldView.swift in Sources */ = {isa = PBXBuildFile; fileRef = 840A858126AE8F1E00FDEF38 /* TextFieldView.swift */; };
		840C9509269944C6009DC838 /* ReadStoryView.swift in Sources */ = {isa = PBXBuildFile; fileRef = 840C9508269944C6009DC838 /* ReadStoryView.swift */; };
		841997F626269C98009BDD4B /* Chapter.swift in Sources */ = {isa = PBXBuildFile; fileRef = 841997F526269C98009BDD4B /* Chapter.swift */; };
		841B5949267D8C2E00037126 /* BackButtonView.swift in Sources */ = {isa = PBXBuildFile; fileRef = 841B5948267D8C2E00037126 /* BackButtonView.swift */; };
		841B594B267D928C00037126 /* AllCommentsView.swift in Sources */ = {isa = PBXBuildFile; fileRef = 841B594A267D928C00037126 /* AllCommentsView.swift */; };
		84251114263280AB008FD335 /* HomeView.swift in Sources */ = {isa = PBXBuildFile; fileRef = 84251113263280AB008FD335 /* HomeView.swift */; };
		842A24E4263946F70092A45A /* InfiniteProgressView.swift in Sources */ = {isa = PBXBuildFile; fileRef = 842A24E3263946F70092A45A /* InfiniteProgressView.swift */; };
		842A24E6263947F70092A45A /* RefreshView.swift in Sources */ = {isa = PBXBuildFile; fileRef = 842A24E5263947F70092A45A /* RefreshView.swift */; };
		842A24E8263948140092A45A /* ErrorView.swift in Sources */ = {isa = PBXBuildFile; fileRef = 842A24E7263948140092A45A /* ErrorView.swift */; };
		842A24EA263948460092A45A /* KeyboardAwareModifier.swift in Sources */ = {isa = PBXBuildFile; fileRef = 842A24E9263948450092A45A /* KeyboardAwareModifier.swift */; };
		842E33B12636AA5100A9D7A2 /* RemoteImageView in Frameworks */ = {isa = PBXBuildFile; productRef = 842E33B02636AA5100A9D7A2 /* RemoteImageView */; };
		842E33D42636B0FE00A9D7A2 /* CarouselView in Frameworks */ = {isa = PBXBuildFile; productRef = 842E33D32636B0FE00A9D7A2 /* CarouselView */; };
		842EE06D267464B9007B1358 /* CommentItemView.swift in Sources */ = {isa = PBXBuildFile; fileRef = 842EE06C267464B9007B1358 /* CommentItemView.swift */; };
		842EE06F26746B16007B1358 /* Comment.swift in Sources */ = {isa = PBXBuildFile; fileRef = 842EE06E26746B16007B1358 /* Comment.swift */; };
		8430B9FE267728790028DE29 /* CommentView.swift in Sources */ = {isa = PBXBuildFile; fileRef = 8430B9FD267728790028DE29 /* CommentView.swift */; };
		84393AFB267C832C005101FD /* StringExtension.swift in Sources */ = {isa = PBXBuildFile; fileRef = 84393AFA267C832C005101FD /* StringExtension.swift */; };
		84393AFD267C9155005101FD /* CommentInputView.swift in Sources */ = {isa = PBXBuildFile; fileRef = 84393AFC267C9155005101FD /* CommentInputView.swift */; };
		84393B00267C953E005101FD /* ChapterItemView.swift in Sources */ = {isa = PBXBuildFile; fileRef = 84393AFF267C953E005101FD /* ChapterItemView.swift */; };
		84393B02267C9639005101FD /* ChapterListView.swift in Sources */ = {isa = PBXBuildFile; fileRef = 84393B01267C9639005101FD /* ChapterListView.swift */; };
		8441BB062632A53800F08AD9 /* RefreshableScrollView in Frameworks */ = {isa = PBXBuildFile; productRef = 8441BB052632A53800F08AD9 /* RefreshableScrollView */; };
		844698B926772EEF0081E6BA /* StoryHeaderView.swift in Sources */ = {isa = PBXBuildFile; fileRef = 844698B826772EEF0081E6BA /* StoryHeaderView.swift */; };
		844698BB267732790081E6BA /* StarView.swift in Sources */ = {isa = PBXBuildFile; fileRef = 844698BA267732790081E6BA /* StarView.swift */; };
		844698BD267754B30081E6BA /* NavigationBarModifier.swift in Sources */ = {isa = PBXBuildFile; fileRef = 844698BC267754B30081E6BA /* NavigationBarModifier.swift */; };
		8446F9A6262575FF0098635A /* TruyenTranh24hApp.swift in Sources */ = {isa = PBXBuildFile; fileRef = 8446F9A5262575FF0098635A /* TruyenTranh24hApp.swift */; };
		8446F9A8262575FF0098635A /* ContentView.swift in Sources */ = {isa = PBXBuildFile; fileRef = 8446F9A7262575FF0098635A /* ContentView.swift */; };
		8446F9AA262576020098635A /* Assets.xcassets in Resources */ = {isa = PBXBuildFile; fileRef = 8446F9A9262576020098635A /* Assets.xcassets */; };
		8446F9AD262576020098635A /* Preview Assets.xcassets in Resources */ = {isa = PBXBuildFile; fileRef = 8446F9AC262576020098635A /* Preview Assets.xcassets */; };
		8446F9DA262578FF0098635A /* StoryThumbnailView.swift in Sources */ = {isa = PBXBuildFile; fileRef = 8446F9D9262578FF0098635A /* StoryThumbnailView.swift */; };
		8446F9E3262580FC0098635A /* Color+Extension.swift in Sources */ = {isa = PBXBuildFile; fileRef = 8446F9E2262580FC0098635A /* Color+Extension.swift */; };
		8446F9E82625865A0098635A /* Commic2ColumnView.swift in Sources */ = {isa = PBXBuildFile; fileRef = 8446F9E72625865A0098635A /* Commic2ColumnView.swift */; };
		8446F9EE26258DBF0098635A /* Story.swift in Sources */ = {isa = PBXBuildFile; fileRef = 8446F9ED26258DBF0098635A /* Story.swift */; };
		8446FA02262592110098635A /* SampleData.swift in Sources */ = {isa = PBXBuildFile; fileRef = 8446FA01262592110098635A /* SampleData.swift */; };
		84534D142668CCE500376726 /* CategoryItemView.swift in Sources */ = {isa = PBXBuildFile; fileRef = 84534D132668CCE400376726 /* CategoryItemView.swift */; };
		84534D162668CD3B00376726 /* Category.swift in Sources */ = {isa = PBXBuildFile; fileRef = 84534D152668CD3B00376726 /* Category.swift */; };
		84534D182668D6F500376726 /* HorizontalCategoryView.swift in Sources */ = {isa = PBXBuildFile; fileRef = 84534D172668D6F500376726 /* HorizontalCategoryView.swift */; };
		845DF35626AE5C150069DE10 /* CategoryView.swift in Sources */ = {isa = PBXBuildFile; fileRef = 845DF35526AE5C150069DE10 /* CategoryView.swift */; };
		845DF35826AE5D160069DE10 /* HorizontalCategorySimpleView.swift in Sources */ = {isa = PBXBuildFile; fileRef = 845DF35726AE5D160069DE10 /* HorizontalCategorySimpleView.swift */; };
		845DF35A26AE5D810069DE10 /* CategoryItemSimpleView.swift in Sources */ = {isa = PBXBuildFile; fileRef = 845DF35926AE5D810069DE10 /* CategoryItemSimpleView.swift */; };
		845DF35C26AE62F70069DE10 /* HistoryView.swift in Sources */ = {isa = PBXBuildFile; fileRef = 845DF35B26AE62F70069DE10 /* HistoryView.swift */; };
		845DF35E26AE64330069DE10 /* FollowView.swift in Sources */ = {isa = PBXBuildFile; fileRef = 845DF35D26AE64330069DE10 /* FollowView.swift */; };
		845DF36026AE65CE0069DE10 /* ProfileView.swift in Sources */ = {isa = PBXBuildFile; fileRef = 845DF35F26AE65CE0069DE10 /* ProfileView.swift */; };
		845DF36226AE6B080069DE10 /* OrrangeButtonView.swift in Sources */ = {isa = PBXBuildFile; fileRef = 845DF36126AE6B080069DE10 /* OrrangeButtonView.swift */; };
		845DF36426AE70F40069DE10 /* RegisterLoginView.swift in Sources */ = {isa = PBXBuildFile; fileRef = 845DF36326AE70F40069DE10 /* RegisterLoginView.swift */; };
		8477BA8426A2C087007A67A9 /* SearchStoryView.swift in Sources */ = {isa = PBXBuildFile; fileRef = 8477BA8326A2C087007A67A9 /* SearchStoryView.swift */; };
		8477BA8626A2C574007A67A9 /* GrayButtonView.swift in Sources */ = {isa = PBXBuildFile; fileRef = 8477BA8526A2C574007A67A9 /* GrayButtonView.swift */; };
		8479C3B62673184100CCBDB0 /* SearchCategoryItemView.swift in Sources */ = {isa = PBXBuildFile; fileRef = 8479C3B52673184100CCBDB0 /* SearchCategoryItemView.swift */; };
		8479C3B82673184B00CCBDB0 /* SearchCategoryView.swift in Sources */ = {isa = PBXBuildFile; fileRef = 8479C3B72673184B00CCBDB0 /* SearchCategoryView.swift */; };
		8479C3BA2673196C00CCBDB0 /* SearchCategory.swift in Sources */ = {isa = PBXBuildFile; fileRef = 8479C3B92673196C00CCBDB0 /* SearchCategory.swift */; };
		8479C3BE26733A0600CCBDB0 /* ViewMoreView.swift in Sources */ = {isa = PBXBuildFile; fileRef = 8479C3BD26733A0600CCBDB0 /* ViewMoreView.swift */; };
		8479C3C026733D2A00CCBDB0 /* Commic3ColumnView.swift in Sources */ = {isa = PBXBuildFile; fileRef = 8479C3BF26733D2A00CCBDB0 /* Commic3ColumnView.swift */; };
		8480FBEF2637F3430063976C /* StoryView.swift in Sources */ = {isa = PBXBuildFile; fileRef = 8480FBEE2637F3430063976C /* StoryView.swift */; };
		8480FBF52637F7B80063976C /* SuggestedCommicView.swift in Sources */ = {isa = PBXBuildFile; fileRef = 8480FBF42637F7B80063976C /* SuggestedCommicView.swift */; };
		848782B7267C397A002AF315 /* StoryToolbarView.swift in Sources */ = {isa = PBXBuildFile; fileRef = 848782B6267C397A002AF315 /* StoryToolbarView.swift */; };
		84880ED62637C2C000214F3C /* TestCarouselView.swift in Sources */ = {isa = PBXBuildFile; fileRef = 84880ED52637C2C000214F3C /* TestCarouselView.swift */; };
		849311FC2679FC910011AE5C /* URLImageStore in Frameworks */ = {isa = PBXBuildFile; productRef = 849311FB2679FC910011AE5C /* URLImageStore */; };
		849311FE2679FC910011AE5C /* URLImage in Frameworks */ = {isa = PBXBuildFile; productRef = 849311FD2679FC910011AE5C /* URLImage */; };
		849B5BBD26788917009ECDD7 /* NavBarAccessor.swift in Sources */ = {isa = PBXBuildFile; fileRef = 849B5BBC26788917009ECDD7 /* NavBarAccessor.swift */; };
		849B5BBF2678A2BB009ECDD7 /* LineView.swift in Sources */ = {isa = PBXBuildFile; fileRef = 849B5BBE2678A2BB009ECDD7 /* LineView.swift */; };
		849C3C5226A9213F008906C4 /* ListStoryThumbnailView.swift in Sources */ = {isa = PBXBuildFile; fileRef = 849C3C5126A9213F008906C4 /* ListStoryThumbnailView.swift */; };
		849C3C5426A9256B008906C4 /* StoryThumbnailFullDetailView.swift in Sources */ = {isa = PBXBuildFile; fileRef = 849C3C5326A9256B008906C4 /* StoryThumbnailFullDetailView.swift */; };
		849EF3E32626A7A300EB6429 /* Localizable.strings in Resources */ = {isa = PBXBuildFile; fileRef = 849EF3E52626A7A300EB6429 /* Localizable.strings */; };
		84A1693F2628310F001831AD /* TestView.swift in Sources */ = {isa = PBXBuildFile; fileRef = 84A1693E2628310F001831AD /* TestView.swift */; };
		84A454DA267208FB002499B2 /* TrailerViewItem.swift in Sources */ = {isa = PBXBuildFile; fileRef = 84A454D9267208FB002499B2 /* TrailerViewItem.swift */; };
		84A454DC26720F69002499B2 /* TrailerView.swift in Sources */ = {isa = PBXBuildFile; fileRef = 84A454DB26720F69002499B2 /* TrailerView.swift */; };
		84CFF93D262598CD0034CACB /* SampleDataTest.swift in Sources */ = {isa = PBXBuildFile; fileRef = 84CFF93C262598CD0034CACB /* SampleDataTest.swift */; };
		84D563A426AF060D006127DF /* ForgotPasswordView.swift in Sources */ = {isa = PBXBuildFile; fileRef = 84D563A326AF060D006127DF /* ForgotPasswordView.swift */; };
		84D563A626AF0959006127DF /* OTPView.swift in Sources */ = {isa = PBXBuildFile; fileRef = 84D563A526AF0959006127DF /* OTPView.swift */; };
		84D563A826AF0C3C006127DF /* OTPTextField.swift in Sources */ = {isa = PBXBuildFile; fileRef = 84D563A726AF0C3C006127DF /* OTPTextField.swift */; };
		84D6A2A6266A03FC0029B8D1 /* SearchFieldView.swift in Sources */ = {isa = PBXBuildFile; fileRef = 84D6A2A5266A03FC0029B8D1 /* SearchFieldView.swift */; };
		84D6A2A8266A10100029B8D1 /* HotView.swift in Sources */ = {isa = PBXBuildFile; fileRef = 84D6A2A7266A10100029B8D1 /* HotView.swift */; };
		84EE846926BB9A8C0094DE7E /* NewPasswordView.swift in Sources */ = {isa = PBXBuildFile; fileRef = 84EE846826BB9A8C0094DE7E /* NewPasswordView.swift */; };
		84EE847926BBC8170094DE7E /* APIDataTaskPublisher.swift in Sources */ = {isa = PBXBuildFile; fileRef = 84EE846D26BBC8170094DE7E /* APIDataTaskPublisher.swift */; };
		84EE847A26BBC8170094DE7E /* APIError.swift in Sources */ = {isa = PBXBuildFile; fileRef = 84EE846E26BBC8170094DE7E /* APIError.swift */; };
		84EE847B26BBC8170094DE7E /* APIAuthentication.swift in Sources */ = {isa = PBXBuildFile; fileRef = 84EE846F26BBC8170094DE7E /* APIAuthentication.swift */; };
		84EE847C26BBC8170094DE7E /* URLSetting.swift in Sources */ = {isa = PBXBuildFile; fileRef = 84EE847026BBC8170094DE7E /* URLSetting.swift */; };
		84EE848226BBC8170094DE7E /* API.swift in Sources */ = {isa = PBXBuildFile; fileRef = 84EE847726BBC8170094DE7E /* API.swift */; };
		84EE848326BBC8170094DE7E /* APISessionDataPublisher.swift in Sources */ = {isa = PBXBuildFile; fileRef = 84EE847826BBC8170094DE7E /* APISessionDataPublisher.swift */; };
		84EE848526BBC83A0094DE7E /* StoryAPI.swift in Sources */ = {isa = PBXBuildFile; fileRef = 84EE848426BBC83A0094DE7E /* StoryAPI.swift */; };
		84EE848826BBC8C50094DE7E /* TokenManager.swift in Sources */ = {isa = PBXBuildFile; fileRef = 84EE848626BBC8C50094DE7E /* TokenManager.swift */; };
		84EE848926BBC8C50094DE7E /* UserDefaultKey.swift in Sources */ = {isa = PBXBuildFile; fileRef = 84EE848726BBC8C50094DE7E /* UserDefaultKey.swift */; };
		84EE848D26BBC8D90094DE7E /* User.swift in Sources */ = {isa = PBXBuildFile; fileRef = 84EE848A26BBC8D80094DE7E /* User.swift */; };
		84EE848E26BBC8D90094DE7E /* Entry.swift in Sources */ = {isa = PBXBuildFile; fileRef = 84EE848B26BBC8D90094DE7E /* Entry.swift */; };
		84EE848F26BBC8D90094DE7E /* MetaData.swift in Sources */ = {isa = PBXBuildFile; fileRef = 84EE848C26BBC8D90094DE7E /* MetaData.swift */; };
		84EE849126BBC90C0094DE7E /* NotificationCenter+Extension.swift in Sources */ = {isa = PBXBuildFile; fileRef = 84EE849026BBC90C0094DE7E /* NotificationCenter+Extension.swift */; };
		84EE849426BBCD6D0094DE7E /* HomeModel.swift in Sources */ = {isa = PBXBuildFile; fileRef = 84EE849326BBCD6D0094DE7E /* HomeModel.swift */; };
/* End PBXBuildFile section */

/* Begin PBXContainerItemProxy section */
		8446F9B4262576020098635A /* PBXContainerItemProxy */ = {
			isa = PBXContainerItemProxy;
			containerPortal = 8446F99A262575FF0098635A /* Project object */;
			proxyType = 1;
			remoteGlobalIDString = 8446F9A1262575FF0098635A;
			remoteInfo = TruyenTranh24h;
		};
/* End PBXContainerItemProxy section */

/* Begin PBXFileReference section */
		8405F222267B343E004B1CC0 /* HeaderBackgroundView.swift */ = {isa = PBXFileReference; lastKnownFileType = sourcecode.swift; path = HeaderBackgroundView.swift; sourceTree = "<group>"; };
		8405F224267B423F004B1CC0 /* ScrollOffSetViewModifier.swift */ = {isa = PBXFileReference; lastKnownFileType = sourcecode.swift; path = ScrollOffSetViewModifier.swift; sourceTree = "<group>"; };
		8405F226267B43D0004B1CC0 /* ViewExtension.swift */ = {isa = PBXFileReference; lastKnownFileType = sourcecode.swift; path = ViewExtension.swift; sourceTree = "<group>"; };
		8405F228267B4703004B1CC0 /* BindingExtension.swift */ = {isa = PBXFileReference; lastKnownFileType = sourcecode.swift; path = BindingExtension.swift; sourceTree = "<group>"; };
		8405F22A267B514F004B1CC0 /* CacheImageView.swift */ = {isa = PBXFileReference; lastKnownFileType = sourcecode.swift; path = CacheImageView.swift; sourceTree = "<group>"; };
		840A858126AE8F1E00FDEF38 /* TextFieldView.swift */ = {isa = PBXFileReference; lastKnownFileType = sourcecode.swift; path = TextFieldView.swift; sourceTree = "<group>"; };
		840C9508269944C6009DC838 /* ReadStoryView.swift */ = {isa = PBXFileReference; lastKnownFileType = sourcecode.swift; path = ReadStoryView.swift; sourceTree = "<group>"; };
		841997F526269C98009BDD4B /* Chapter.swift */ = {isa = PBXFileReference; lastKnownFileType = sourcecode.swift; path = Chapter.swift; sourceTree = "<group>"; };
		841B5948267D8C2E00037126 /* BackButtonView.swift */ = {isa = PBXFileReference; lastKnownFileType = sourcecode.swift; path = BackButtonView.swift; sourceTree = "<group>"; };
		841B594A267D928C00037126 /* AllCommentsView.swift */ = {isa = PBXFileReference; lastKnownFileType = sourcecode.swift; path = AllCommentsView.swift; sourceTree = "<group>"; };
		84251113263280AB008FD335 /* HomeView.swift */ = {isa = PBXFileReference; lastKnownFileType = sourcecode.swift; path = HomeView.swift; sourceTree = "<group>"; };
		842A24E3263946F70092A45A /* InfiniteProgressView.swift */ = {isa = PBXFileReference; fileEncoding = 4; lastKnownFileType = sourcecode.swift; path = InfiniteProgressView.swift; sourceTree = "<group>"; };
		842A24E5263947F70092A45A /* RefreshView.swift */ = {isa = PBXFileReference; fileEncoding = 4; lastKnownFileType = sourcecode.swift; path = RefreshView.swift; sourceTree = "<group>"; };
		842A24E7263948140092A45A /* ErrorView.swift */ = {isa = PBXFileReference; fileEncoding = 4; lastKnownFileType = sourcecode.swift; path = ErrorView.swift; sourceTree = "<group>"; };
		842A24E9263948450092A45A /* KeyboardAwareModifier.swift */ = {isa = PBXFileReference; fileEncoding = 4; lastKnownFileType = sourcecode.swift; path = KeyboardAwareModifier.swift; sourceTree = "<group>"; };
		842E33B62636B0AC00A9D7A2 /* CarouselView */ = {isa = PBXFileReference; lastKnownFileType = folder; name = CarouselView; path = "../../../Dropbox/2. Work/Projects/iOS/Projects/CarouselView"; sourceTree = "<group>"; };
		842EE06C267464B9007B1358 /* CommentItemView.swift */ = {isa = PBXFileReference; lastKnownFileType = sourcecode.swift; path = CommentItemView.swift; sourceTree = "<group>"; };
		842EE06E26746B16007B1358 /* Comment.swift */ = {isa = PBXFileReference; lastKnownFileType = sourcecode.swift; path = Comment.swift; sourceTree = "<group>"; };
		8430B9FD267728790028DE29 /* CommentView.swift */ = {isa = PBXFileReference; lastKnownFileType = sourcecode.swift; path = CommentView.swift; sourceTree = "<group>"; };
		84393AFA267C832C005101FD /* StringExtension.swift */ = {isa = PBXFileReference; lastKnownFileType = sourcecode.swift; path = StringExtension.swift; sourceTree = "<group>"; };
		84393AFC267C9155005101FD /* CommentInputView.swift */ = {isa = PBXFileReference; lastKnownFileType = sourcecode.swift; path = CommentInputView.swift; sourceTree = "<group>"; };
		84393AFF267C953E005101FD /* ChapterItemView.swift */ = {isa = PBXFileReference; lastKnownFileType = sourcecode.swift; path = ChapterItemView.swift; sourceTree = "<group>"; };
		84393B01267C9639005101FD /* ChapterListView.swift */ = {isa = PBXFileReference; lastKnownFileType = sourcecode.swift; path = ChapterListView.swift; sourceTree = "<group>"; };
		8441BB012632A52600F08AD9 /* RefreshableScrollView */ = {isa = PBXFileReference; lastKnownFileType = folder; name = RefreshableScrollView; path = "../../../Dropbox/2. Work/Projects/iOS/Projects/RefreshableScrollView"; sourceTree = "<group>"; };
		844698B826772EEF0081E6BA /* StoryHeaderView.swift */ = {isa = PBXFileReference; lastKnownFileType = sourcecode.swift; path = StoryHeaderView.swift; sourceTree = "<group>"; };
		844698BA267732790081E6BA /* StarView.swift */ = {isa = PBXFileReference; lastKnownFileType = sourcecode.swift; path = StarView.swift; sourceTree = "<group>"; };
		844698BC267754B30081E6BA /* NavigationBarModifier.swift */ = {isa = PBXFileReference; lastKnownFileType = sourcecode.swift; path = NavigationBarModifier.swift; sourceTree = "<group>"; };
		8446F9A2262575FF0098635A /* TruyenTranh24h.app */ = {isa = PBXFileReference; explicitFileType = wrapper.application; includeInIndex = 0; path = TruyenTranh24h.app; sourceTree = BUILT_PRODUCTS_DIR; };
		8446F9A5262575FF0098635A /* TruyenTranh24hApp.swift */ = {isa = PBXFileReference; lastKnownFileType = sourcecode.swift; path = TruyenTranh24hApp.swift; sourceTree = "<group>"; };
		8446F9A7262575FF0098635A /* ContentView.swift */ = {isa = PBXFileReference; lastKnownFileType = sourcecode.swift; path = ContentView.swift; sourceTree = "<group>"; };
		8446F9A9262576020098635A /* Assets.xcassets */ = {isa = PBXFileReference; lastKnownFileType = folder.assetcatalog; path = Assets.xcassets; sourceTree = "<group>"; };
		8446F9AC262576020098635A /* Preview Assets.xcassets */ = {isa = PBXFileReference; lastKnownFileType = folder.assetcatalog; path = "Preview Assets.xcassets"; sourceTree = "<group>"; };
		8446F9AE262576020098635A /* Info.plist */ = {isa = PBXFileReference; lastKnownFileType = text.plist.xml; path = Info.plist; sourceTree = "<group>"; };
		8446F9B3262576020098635A /* TruyenTranh24hTests.xctest */ = {isa = PBXFileReference; explicitFileType = wrapper.cfbundle; includeInIndex = 0; path = TruyenTranh24hTests.xctest; sourceTree = BUILT_PRODUCTS_DIR; };
		8446F9B9262576020098635A /* Info.plist */ = {isa = PBXFileReference; lastKnownFileType = text.plist.xml; path = Info.plist; sourceTree = "<group>"; };
		8446F9C2262576020098635A /* TruyenTranh24hUITests.swift */ = {isa = PBXFileReference; lastKnownFileType = sourcecode.swift; path = TruyenTranh24hUITests.swift; sourceTree = "<group>"; };
		8446F9C4262576020098635A /* Info.plist */ = {isa = PBXFileReference; lastKnownFileType = text.plist.xml; path = Info.plist; sourceTree = "<group>"; };
		8446F9D9262578FF0098635A /* StoryThumbnailView.swift */ = {isa = PBXFileReference; lastKnownFileType = sourcecode.swift; path = StoryThumbnailView.swift; sourceTree = "<group>"; };
		8446F9E2262580FC0098635A /* Color+Extension.swift */ = {isa = PBXFileReference; lastKnownFileType = sourcecode.swift; path = "Color+Extension.swift"; sourceTree = "<group>"; };
		8446F9E72625865A0098635A /* Commic2ColumnView.swift */ = {isa = PBXFileReference; lastKnownFileType = sourcecode.swift; path = Commic2ColumnView.swift; sourceTree = "<group>"; };
		8446F9ED26258DBF0098635A /* Story.swift */ = {isa = PBXFileReference; lastKnownFileType = sourcecode.swift; path = Story.swift; sourceTree = "<group>"; };
		8446FA01262592110098635A /* SampleData.swift */ = {isa = PBXFileReference; lastKnownFileType = sourcecode.swift; path = SampleData.swift; sourceTree = "<group>"; };
		84534D132668CCE400376726 /* CategoryItemView.swift */ = {isa = PBXFileReference; lastKnownFileType = sourcecode.swift; path = CategoryItemView.swift; sourceTree = "<group>"; };
		84534D152668CD3B00376726 /* Category.swift */ = {isa = PBXFileReference; lastKnownFileType = sourcecode.swift; path = Category.swift; sourceTree = "<group>"; };
		84534D172668D6F500376726 /* HorizontalCategoryView.swift */ = {isa = PBXFileReference; lastKnownFileType = sourcecode.swift; path = HorizontalCategoryView.swift; sourceTree = "<group>"; };
		845DF35526AE5C150069DE10 /* CategoryView.swift */ = {isa = PBXFileReference; lastKnownFileType = sourcecode.swift; path = CategoryView.swift; sourceTree = "<group>"; };
		845DF35726AE5D160069DE10 /* HorizontalCategorySimpleView.swift */ = {isa = PBXFileReference; lastKnownFileType = sourcecode.swift; path = HorizontalCategorySimpleView.swift; sourceTree = "<group>"; };
		845DF35926AE5D810069DE10 /* CategoryItemSimpleView.swift */ = {isa = PBXFileReference; lastKnownFileType = sourcecode.swift; path = CategoryItemSimpleView.swift; sourceTree = "<group>"; };
		845DF35B26AE62F70069DE10 /* HistoryView.swift */ = {isa = PBXFileReference; lastKnownFileType = sourcecode.swift; path = HistoryView.swift; sourceTree = "<group>"; };
		845DF35D26AE64330069DE10 /* FollowView.swift */ = {isa = PBXFileReference; lastKnownFileType = sourcecode.swift; path = FollowView.swift; sourceTree = "<group>"; };
		845DF35F26AE65CE0069DE10 /* ProfileView.swift */ = {isa = PBXFileReference; lastKnownFileType = sourcecode.swift; path = ProfileView.swift; sourceTree = "<group>"; };
		845DF36126AE6B080069DE10 /* OrrangeButtonView.swift */ = {isa = PBXFileReference; lastKnownFileType = sourcecode.swift; path = OrrangeButtonView.swift; sourceTree = "<group>"; };
		845DF36326AE70F40069DE10 /* RegisterLoginView.swift */ = {isa = PBXFileReference; lastKnownFileType = sourcecode.swift; path = RegisterLoginView.swift; sourceTree = "<group>"; };
		8477BA8326A2C087007A67A9 /* SearchStoryView.swift */ = {isa = PBXFileReference; lastKnownFileType = sourcecode.swift; path = SearchStoryView.swift; sourceTree = "<group>"; };
		8477BA8526A2C574007A67A9 /* GrayButtonView.swift */ = {isa = PBXFileReference; lastKnownFileType = sourcecode.swift; path = GrayButtonView.swift; sourceTree = "<group>"; };
		8479C3B52673184100CCBDB0 /* SearchCategoryItemView.swift */ = {isa = PBXFileReference; lastKnownFileType = sourcecode.swift; path = SearchCategoryItemView.swift; sourceTree = "<group>"; };
		8479C3B72673184B00CCBDB0 /* SearchCategoryView.swift */ = {isa = PBXFileReference; lastKnownFileType = sourcecode.swift; path = SearchCategoryView.swift; sourceTree = "<group>"; };
		8479C3B92673196C00CCBDB0 /* SearchCategory.swift */ = {isa = PBXFileReference; lastKnownFileType = sourcecode.swift; path = SearchCategory.swift; sourceTree = "<group>"; };
		8479C3BD26733A0600CCBDB0 /* ViewMoreView.swift */ = {isa = PBXFileReference; lastKnownFileType = sourcecode.swift; path = ViewMoreView.swift; sourceTree = "<group>"; };
		8479C3BF26733D2A00CCBDB0 /* Commic3ColumnView.swift */ = {isa = PBXFileReference; lastKnownFileType = sourcecode.swift; path = Commic3ColumnView.swift; sourceTree = "<group>"; };
		8480FBEE2637F3430063976C /* StoryView.swift */ = {isa = PBXFileReference; lastKnownFileType = sourcecode.swift; path = StoryView.swift; sourceTree = "<group>"; };
		8480FBF42637F7B80063976C /* SuggestedCommicView.swift */ = {isa = PBXFileReference; lastKnownFileType = sourcecode.swift; path = SuggestedCommicView.swift; sourceTree = "<group>"; };
		848782B6267C397A002AF315 /* StoryToolbarView.swift */ = {isa = PBXFileReference; lastKnownFileType = sourcecode.swift; path = StoryToolbarView.swift; sourceTree = "<group>"; };
		84880ED52637C2C000214F3C /* TestCarouselView.swift */ = {isa = PBXFileReference; lastKnownFileType = sourcecode.swift; path = TestCarouselView.swift; sourceTree = "<group>"; };
		849B5BBC26788917009ECDD7 /* NavBarAccessor.swift */ = {isa = PBXFileReference; lastKnownFileType = sourcecode.swift; path = NavBarAccessor.swift; sourceTree = "<group>"; };
		849B5BBE2678A2BB009ECDD7 /* LineView.swift */ = {isa = PBXFileReference; lastKnownFileType = sourcecode.swift; path = LineView.swift; sourceTree = "<group>"; };
		849C3C5126A9213F008906C4 /* ListStoryThumbnailView.swift */ = {isa = PBXFileReference; lastKnownFileType = sourcecode.swift; path = ListStoryThumbnailView.swift; sourceTree = "<group>"; };
		849C3C5326A9256B008906C4 /* StoryThumbnailFullDetailView.swift */ = {isa = PBXFileReference; lastKnownFileType = sourcecode.swift; path = StoryThumbnailFullDetailView.swift; sourceTree = "<group>"; };
		849EF3E42626A7A300EB6429 /* en */ = {isa = PBXFileReference; lastKnownFileType = text.plist.strings; name = en; path = en.lproj/Localizable.strings; sourceTree = "<group>"; };
		849EF3E62626A7A800EB6429 /* vi */ = {isa = PBXFileReference; lastKnownFileType = text.plist.strings; name = vi; path = vi.lproj/Localizable.strings; sourceTree = "<group>"; };
		84A1693E2628310F001831AD /* TestView.swift */ = {isa = PBXFileReference; lastKnownFileType = sourcecode.swift; path = TestView.swift; sourceTree = "<group>"; };
		84A454D9267208FB002499B2 /* TrailerViewItem.swift */ = {isa = PBXFileReference; lastKnownFileType = sourcecode.swift; path = TrailerViewItem.swift; sourceTree = "<group>"; };
		84A454DB26720F69002499B2 /* TrailerView.swift */ = {isa = PBXFileReference; lastKnownFileType = sourcecode.swift; path = TrailerView.swift; sourceTree = "<group>"; };
		84CFF93C262598CD0034CACB /* SampleDataTest.swift */ = {isa = PBXFileReference; lastKnownFileType = sourcecode.swift; path = SampleDataTest.swift; sourceTree = "<group>"; };
		84D563A326AF060D006127DF /* ForgotPasswordView.swift */ = {isa = PBXFileReference; lastKnownFileType = sourcecode.swift; path = ForgotPasswordView.swift; sourceTree = "<group>"; };
		84D563A526AF0959006127DF /* OTPView.swift */ = {isa = PBXFileReference; lastKnownFileType = sourcecode.swift; path = OTPView.swift; sourceTree = "<group>"; };
		84D563A726AF0C3C006127DF /* OTPTextField.swift */ = {isa = PBXFileReference; lastKnownFileType = sourcecode.swift; path = OTPTextField.swift; sourceTree = "<group>"; };
		84D6A2A5266A03FC0029B8D1 /* SearchFieldView.swift */ = {isa = PBXFileReference; lastKnownFileType = sourcecode.swift; path = SearchFieldView.swift; sourceTree = "<group>"; };
		84D6A2A7266A10100029B8D1 /* HotView.swift */ = {isa = PBXFileReference; lastKnownFileType = sourcecode.swift; path = HotView.swift; sourceTree = "<group>"; };
		84EE846826BB9A8C0094DE7E /* NewPasswordView.swift */ = {isa = PBXFileReference; lastKnownFileType = sourcecode.swift; path = NewPasswordView.swift; sourceTree = "<group>"; };
		84EE846D26BBC8170094DE7E /* APIDataTaskPublisher.swift */ = {isa = PBXFileReference; fileEncoding = 4; lastKnownFileType = sourcecode.swift; path = APIDataTaskPublisher.swift; sourceTree = "<group>"; };
		84EE846E26BBC8170094DE7E /* APIError.swift */ = {isa = PBXFileReference; fileEncoding = 4; lastKnownFileType = sourcecode.swift; path = APIError.swift; sourceTree = "<group>"; };
		84EE846F26BBC8170094DE7E /* APIAuthentication.swift */ = {isa = PBXFileReference; fileEncoding = 4; lastKnownFileType = sourcecode.swift; path = APIAuthentication.swift; sourceTree = "<group>"; };
		84EE847026BBC8170094DE7E /* URLSetting.swift */ = {isa = PBXFileReference; fileEncoding = 4; lastKnownFileType = sourcecode.swift; path = URLSetting.swift; sourceTree = "<group>"; };
		84EE847726BBC8170094DE7E /* API.swift */ = {isa = PBXFileReference; fileEncoding = 4; lastKnownFileType = sourcecode.swift; path = API.swift; sourceTree = "<group>"; };
		84EE847826BBC8170094DE7E /* APISessionDataPublisher.swift */ = {isa = PBXFileReference; fileEncoding = 4; lastKnownFileType = sourcecode.swift; path = APISessionDataPublisher.swift; sourceTree = "<group>"; };
		84EE848426BBC83A0094DE7E /* StoryAPI.swift */ = {isa = PBXFileReference; lastKnownFileType = sourcecode.swift; path = StoryAPI.swift; sourceTree = "<group>"; };
		84EE848626BBC8C50094DE7E /* TokenManager.swift */ = {isa = PBXFileReference; fileEncoding = 4; lastKnownFileType = sourcecode.swift; path = TokenManager.swift; sourceTree = "<group>"; };
		84EE848726BBC8C50094DE7E /* UserDefaultKey.swift */ = {isa = PBXFileReference; fileEncoding = 4; lastKnownFileType = sourcecode.swift; path = UserDefaultKey.swift; sourceTree = "<group>"; };
		84EE848A26BBC8D80094DE7E /* User.swift */ = {isa = PBXFileReference; fileEncoding = 4; lastKnownFileType = sourcecode.swift; path = User.swift; sourceTree = "<group>"; };
		84EE848B26BBC8D90094DE7E /* Entry.swift */ = {isa = PBXFileReference; fileEncoding = 4; lastKnownFileType = sourcecode.swift; path = Entry.swift; sourceTree = "<group>"; };
		84EE848C26BBC8D90094DE7E /* MetaData.swift */ = {isa = PBXFileReference; fileEncoding = 4; lastKnownFileType = sourcecode.swift; path = MetaData.swift; sourceTree = "<group>"; };
		84EE849026BBC90C0094DE7E /* NotificationCenter+Extension.swift */ = {isa = PBXFileReference; fileEncoding = 4; lastKnownFileType = sourcecode.swift; path = "NotificationCenter+Extension.swift"; sourceTree = "<group>"; };
		84EE849326BBCD6D0094DE7E /* HomeModel.swift */ = {isa = PBXFileReference; lastKnownFileType = sourcecode.swift; path = HomeModel.swift; sourceTree = "<group>"; };
/* End PBXFileReference section */

/* Begin PBXFrameworksBuildPhase section */
		8446F99F262575FF0098635A /* Frameworks */ = {
			isa = PBXFrameworksBuildPhase;
			buildActionMask = 2147483647;
			files = (
				849311FC2679FC910011AE5C /* URLImageStore in Frameworks */,
				8441BB062632A53800F08AD9 /* RefreshableScrollView in Frameworks */,
				842E33D42636B0FE00A9D7A2 /* CarouselView in Frameworks */,
				849311FE2679FC910011AE5C /* URLImage in Frameworks */,
				842E33B12636AA5100A9D7A2 /* RemoteImageView in Frameworks */,
			);
			runOnlyForDeploymentPostprocessing = 0;
		};
		8446F9B0262576020098635A /* Frameworks */ = {
			isa = PBXFrameworksBuildPhase;
			buildActionMask = 2147483647;
			files = (
			);
			runOnlyForDeploymentPostprocessing = 0;
		};
/* End PBXFrameworksBuildPhase section */

/* Begin PBXGroup section */
		841997F226269A81009BDD4B /* View */ = {
			isa = PBXGroup;
			children = (
				842A24E7263948140092A45A /* ErrorView.swift */,
				842A24E5263947F70092A45A /* RefreshView.swift */,
				842A24E3263946F70092A45A /* InfiniteProgressView.swift */,
				84251113263280AB008FD335 /* HomeView.swift */,
				8446F9D9262578FF0098635A /* StoryThumbnailView.swift */,
				8446F9E72625865A0098635A /* Commic2ColumnView.swift */,
				8479C3BF26733D2A00CCBDB0 /* Commic3ColumnView.swift */,
				8480FBEE2637F3430063976C /* StoryView.swift */,
				841B5948267D8C2E00037126 /* BackButtonView.swift */,
				8405F222267B343E004B1CC0 /* HeaderBackgroundView.swift */,
				848782B6267C397A002AF315 /* StoryToolbarView.swift */,
				8405F22A267B514F004B1CC0 /* CacheImageView.swift */,
				8480FBF42637F7B80063976C /* SuggestedCommicView.swift */,
				84534D132668CCE400376726 /* CategoryItemView.swift */,
				84534D172668D6F500376726 /* HorizontalCategoryView.swift */,
				845DF35726AE5D160069DE10 /* HorizontalCategorySimpleView.swift */,
				845DF35926AE5D810069DE10 /* CategoryItemSimpleView.swift */,
				84D6A2A5266A03FC0029B8D1 /* SearchFieldView.swift */,
				84D6A2A7266A10100029B8D1 /* HotView.swift */,
				84A454D9267208FB002499B2 /* TrailerViewItem.swift */,
				84A454DB26720F69002499B2 /* TrailerView.swift */,
				8479C3B52673184100CCBDB0 /* SearchCategoryItemView.swift */,
				8479C3B72673184B00CCBDB0 /* SearchCategoryView.swift */,
				8479C3BD26733A0600CCBDB0 /* ViewMoreView.swift */,
				844698B826772EEF0081E6BA /* StoryHeaderView.swift */,
				844698BA267732790081E6BA /* StarView.swift */,
				849B5BBC26788917009ECDD7 /* NavBarAccessor.swift */,
				849B5BBE2678A2BB009ECDD7 /* LineView.swift */,
				84393AFF267C953E005101FD /* ChapterItemView.swift */,
				84393B01267C9639005101FD /* ChapterListView.swift */,
				840C9508269944C6009DC838 /* ReadStoryView.swift */,
				8477BA8326A2C087007A67A9 /* SearchStoryView.swift */,
				8477BA8526A2C574007A67A9 /* GrayButtonView.swift */,
				849C3C5126A9213F008906C4 /* ListStoryThumbnailView.swift */,
				849C3C5326A9256B008906C4 /* StoryThumbnailFullDetailView.swift */,
				845DF35526AE5C150069DE10 /* CategoryView.swift */,
				845DF35B26AE62F70069DE10 /* HistoryView.swift */,
				845DF35D26AE64330069DE10 /* FollowView.swift */,
				845DF35F26AE65CE0069DE10 /* ProfileView.swift */,
				845DF36126AE6B080069DE10 /* OrrangeButtonView.swift */,
				845DF36326AE70F40069DE10 /* RegisterLoginView.swift */,
				840A858126AE8F1E00FDEF38 /* TextFieldView.swift */,
				84D563A326AF060D006127DF /* ForgotPasswordView.swift */,
				84D563A526AF0959006127DF /* OTPView.swift */,
				84D563A726AF0C3C006127DF /* OTPTextField.swift */,
				84EE846826BB9A8C0094DE7E /* NewPasswordView.swift */,
				84393AFE267C9516005101FD /* Comment */,
			);
			path = View;
			sourceTree = "<group>";
		};
		842A24EB263948500092A45A /* View Modifier */ = {
			isa = PBXGroup;
			children = (
				842A24E9263948450092A45A /* KeyboardAwareModifier.swift */,
				844698BC267754B30081E6BA /* NavigationBarModifier.swift */,
				8405F224267B423F004B1CC0 /* ScrollOffSetViewModifier.swift */,
			);
			path = "View Modifier";
			sourceTree = "<group>";
		};
		84393AFE267C9516005101FD /* Comment */ = {
			isa = PBXGroup;
			children = (
				84393AFC267C9155005101FD /* CommentInputView.swift */,
				842EE06C267464B9007B1358 /* CommentItemView.swift */,
				8430B9FD267728790028DE29 /* CommentView.swift */,
				841B594A267D928C00037126 /* AllCommentsView.swift */,
			);
			path = Comment;
			sourceTree = "<group>";
		};
		8441BB042632A53800F08AD9 /* Frameworks */ = {
			isa = PBXGroup;
			children = (
			);
			name = Frameworks;
			sourceTree = "<group>";
		};
		8446F999262575FF0098635A = {
			isa = PBXGroup;
			children = (
				8446F9A4262575FF0098635A /* TruyenTranh24h */,
				842E33B62636B0AC00A9D7A2 /* CarouselView */,
				8441BB012632A52600F08AD9 /* RefreshableScrollView */,
				8446F9B6262576020098635A /* TruyenTranh24hTests */,
				8446F9C1262576020098635A /* TruyenTranh24hUITests */,
				8446F9A3262575FF0098635A /* Products */,
				8441BB042632A53800F08AD9 /* Frameworks */,
			);
			sourceTree = "<group>";
		};
		8446F9A3262575FF0098635A /* Products */ = {
			isa = PBXGroup;
			children = (
				8446F9A2262575FF0098635A /* TruyenTranh24h.app */,
				8446F9B3262576020098635A /* TruyenTranh24hTests.xctest */,
			);
			name = Products;
			sourceTree = "<group>";
		};
		8446F9A4262575FF0098635A /* TruyenTranh24h */ = {
			isa = PBXGroup;
			children = (
				8446F9A5262575FF0098635A /* TruyenTranh24hApp.swift */,
				8446F9A7262575FF0098635A /* ContentView.swift */,
				84EE846C26BBC8170094DE7E /* API Request */,
				842A24EB263948500092A45A /* View Modifier */,
				8446F9E1262580E50098635A /* Extension */,
				84EE849226BBCD530094DE7E /* View Model */,
				841997F226269A81009BDD4B /* View */,
				8446F9EC26258D810098635A /* Model */,
				8446F9FB26258E3D0098635A /* Resource */,
				84880ED42637C2A500214F3C /* Test View */,
				8446F9A9262576020098635A /* Assets.xcassets */,
				8446F9AE262576020098635A /* Info.plist */,
				8446F9AB262576020098635A /* Preview Content */,
			);
			path = TruyenTranh24h;
			sourceTree = "<group>";
		};
		8446F9AB262576020098635A /* Preview Content */ = {
			isa = PBXGroup;
			children = (
				8446F9AC262576020098635A /* Preview Assets.xcassets */,
			);
			path = "Preview Content";
			sourceTree = "<group>";
		};
		8446F9B6262576020098635A /* TruyenTranh24hTests */ = {
			isa = PBXGroup;
			children = (
				84CFF93C262598CD0034CACB /* SampleDataTest.swift */,
				8446F9B9262576020098635A /* Info.plist */,
			);
			path = TruyenTranh24hTests;
			sourceTree = "<group>";
		};
		8446F9C1262576020098635A /* TruyenTranh24hUITests */ = {
			isa = PBXGroup;
			children = (
				8446F9C2262576020098635A /* TruyenTranh24hUITests.swift */,
				8446F9C4262576020098635A /* Info.plist */,
			);
			path = TruyenTranh24hUITests;
			sourceTree = "<group>";
		};
		8446F9E1262580E50098635A /* Extension */ = {
			isa = PBXGroup;
			children = (
				84EE849026BBC90C0094DE7E /* NotificationCenter+Extension.swift */,
				8446F9E2262580FC0098635A /* Color+Extension.swift */,
				8405F228267B4703004B1CC0 /* BindingExtension.swift */,
				84393AFA267C832C005101FD /* StringExtension.swift */,
				8405F226267B43D0004B1CC0 /* ViewExtension.swift */,
			);
			path = Extension;
			sourceTree = "<group>";
		};
		8446F9EC26258D810098635A /* Model */ = {
			isa = PBXGroup;
			children = (
				8446F9ED26258DBF0098635A /* Story.swift */,
				841997F526269C98009BDD4B /* Chapter.swift */,
				84534D152668CD3B00376726 /* Category.swift */,
				8479C3B92673196C00CCBDB0 /* SearchCategory.swift */,
				842EE06E26746B16007B1358 /* Comment.swift */,
			);
			path = Model;
			sourceTree = "<group>";
		};
		8446F9FB26258E3D0098635A /* Resource */ = {
			isa = PBXGroup;
			children = (
				8446FA01262592110098635A /* SampleData.swift */,
				849EF3E52626A7A300EB6429 /* Localizable.strings */,
			);
			path = Resource;
			sourceTree = "<group>";
		};
		84880ED42637C2A500214F3C /* Test View */ = {
			isa = PBXGroup;
			children = (
				84A1693E2628310F001831AD /* TestView.swift */,
				84880ED52637C2C000214F3C /* TestCarouselView.swift */,
			);
			path = "Test View";
			sourceTree = "<group>";
		};
		84EE846C26BBC8170094DE7E /* API Request */ = {
			isa = PBXGroup;
			children = (
				84EE846D26BBC8170094DE7E /* APIDataTaskPublisher.swift */,
				84EE846E26BBC8170094DE7E /* APIError.swift */,
				84EE846F26BBC8170094DE7E /* APIAuthentication.swift */,
				84EE847026BBC8170094DE7E /* URLSetting.swift */,
				84EE847726BBC8170094DE7E /* API.swift */,
				84EE847826BBC8170094DE7E /* APISessionDataPublisher.swift */,
				84EE848426BBC83A0094DE7E /* StoryAPI.swift */,
				84EE848626BBC8C50094DE7E /* TokenManager.swift */,
				84EE848726BBC8C50094DE7E /* UserDefaultKey.swift */,
				84EE848B26BBC8D90094DE7E /* Entry.swift */,
				84EE848C26BBC8D90094DE7E /* MetaData.swift */,
				84EE848A26BBC8D80094DE7E /* User.swift */,
			);
			path = "API Request";
			sourceTree = "<group>";
		};
		84EE849226BBCD530094DE7E /* View Model */ = {
			isa = PBXGroup;
			children = (
				84EE849326BBCD6D0094DE7E /* HomeModel.swift */,
			);
			path = "View Model";
			sourceTree = "<group>";
		};
/* End PBXGroup section */

/* Begin PBXNativeTarget section */
		8446F9A1262575FF0098635A /* TruyenTranh24h */ = {
			isa = PBXNativeTarget;
			buildConfigurationList = 8446F9C7262576020098635A /* Build configuration list for PBXNativeTarget "TruyenTranh24h" */;
			buildPhases = (
				8446F99E262575FF0098635A /* Sources */,
				8446F99F262575FF0098635A /* Frameworks */,
				8446F9A0262575FF0098635A /* Resources */,
			);
			buildRules = (
			);
			dependencies = (
			);
			name = TruyenTranh24h;
			packageProductDependencies = (
				8441BB052632A53800F08AD9 /* RefreshableScrollView */,
				842E33B02636AA5100A9D7A2 /* RemoteImageView */,
				842E33D32636B0FE00A9D7A2 /* CarouselView */,
				849311FB2679FC910011AE5C /* URLImageStore */,
				849311FD2679FC910011AE5C /* URLImage */,
			);
			productName = TruyenTranh24h;
			productReference = 8446F9A2262575FF0098635A /* TruyenTranh24h.app */;
			productType = "com.apple.product-type.application";
		};
		8446F9B2262576020098635A /* TruyenTranh24hTests */ = {
			isa = PBXNativeTarget;
			buildConfigurationList = 8446F9CA262576020098635A /* Build configuration list for PBXNativeTarget "TruyenTranh24hTests" */;
			buildPhases = (
				8446F9AF262576020098635A /* Sources */,
				8446F9B0262576020098635A /* Frameworks */,
				8446F9B1262576020098635A /* Resources */,
			);
			buildRules = (
			);
			dependencies = (
				8446F9B5262576020098635A /* PBXTargetDependency */,
			);
			name = TruyenTranh24hTests;
			productName = TruyenTranh24hTests;
			productReference = 8446F9B3262576020098635A /* TruyenTranh24hTests.xctest */;
			productType = "com.apple.product-type.bundle.unit-test";
		};
/* End PBXNativeTarget section */

/* Begin PBXProject section */
		8446F99A262575FF0098635A /* Project object */ = {
			isa = PBXProject;
			attributes = {
				LastSwiftUpdateCheck = 1230;
				LastUpgradeCheck = 1240;
				TargetAttributes = {
					8446F9A1262575FF0098635A = {
						CreatedOnToolsVersion = 12.3;
					};
					8446F9B2262576020098635A = {
						CreatedOnToolsVersion = 12.3;
						TestTargetID = 8446F9A1262575FF0098635A;
					};
				};
			};
			buildConfigurationList = 8446F99D262575FF0098635A /* Build configuration list for PBXProject "TruyenTranh24h" */;
			compatibilityVersion = "Xcode 9.3";
			developmentRegion = en;
			hasScannedForEncodings = 0;
			knownRegions = (
				en,
				vi,
				Base,
			);
			mainGroup = 8446F999262575FF0098635A;
			packageReferences = (
				842E33AF2636AA5100A9D7A2 /* XCRemoteSwiftPackageReference "RemoteImageView" */,
				849311FA2679FC910011AE5C /* XCRemoteSwiftPackageReference "url-image" */,
			);
			productRefGroup = 8446F9A3262575FF0098635A /* Products */;
			projectDirPath = "";
			projectRoot = "";
			targets = (
				8446F9A1262575FF0098635A /* TruyenTranh24h */,
				8446F9B2262576020098635A /* TruyenTranh24hTests */,
			);
		};
/* End PBXProject section */

/* Begin PBXResourcesBuildPhase section */
		8446F9A0262575FF0098635A /* Resources */ = {
			isa = PBXResourcesBuildPhase;
			buildActionMask = 2147483647;
			files = (
				849EF3E32626A7A300EB6429 /* Localizable.strings in Resources */,
				8446F9AD262576020098635A /* Preview Assets.xcassets in Resources */,
				8446F9AA262576020098635A /* Assets.xcassets in Resources */,
			);
			runOnlyForDeploymentPostprocessing = 0;
		};
		8446F9B1262576020098635A /* Resources */ = {
			isa = PBXResourcesBuildPhase;
			buildActionMask = 2147483647;
			files = (
			);
			runOnlyForDeploymentPostprocessing = 0;
		};
/* End PBXResourcesBuildPhase section */

/* Begin PBXSourcesBuildPhase section */
		8446F99E262575FF0098635A /* Sources */ = {
			isa = PBXSourcesBuildPhase;
			buildActionMask = 2147483647;
			files = (
				84D563A626AF0959006127DF /* OTPView.swift in Sources */,
				841B5949267D8C2E00037126 /* BackButtonView.swift in Sources */,
				84EE849426BBCD6D0094DE7E /* HomeModel.swift in Sources */,
				841B594B267D928C00037126 /* AllCommentsView.swift in Sources */,
				844698BD267754B30081E6BA /* NavigationBarModifier.swift in Sources */,
				8479C3B82673184B00CCBDB0 /* SearchCategoryView.swift in Sources */,
				845DF36026AE65CE0069DE10 /* ProfileView.swift in Sources */,
				84D6A2A8266A10100029B8D1 /* HotView.swift in Sources */,
				84D563A826AF0C3C006127DF /* OTPTextField.swift in Sources */,
				8430B9FE267728790028DE29 /* CommentView.swift in Sources */,
				84534D182668D6F500376726 /* HorizontalCategoryView.swift in Sources */,
				84EE848926BBC8C50094DE7E /* UserDefaultKey.swift in Sources */,
				8479C3C026733D2A00CCBDB0 /* Commic3ColumnView.swift in Sources */,
				8446FA02262592110098635A /* SampleData.swift in Sources */,
				8480FBF52637F7B80063976C /* SuggestedCommicView.swift in Sources */,
				84393AFB267C832C005101FD /* StringExtension.swift in Sources */,
				8477BA8626A2C574007A67A9 /* GrayButtonView.swift in Sources */,
				8477BA8426A2C087007A67A9 /* SearchStoryView.swift in Sources */,
				845DF35A26AE5D810069DE10 /* CategoryItemSimpleView.swift in Sources */,
				84393B02267C9639005101FD /* ChapterListView.swift in Sources */,
				8446F9DA262578FF0098635A /* StoryThumbnailView.swift in Sources */,
				842EE06D267464B9007B1358 /* CommentItemView.swift in Sources */,
				8446F9A8262575FF0098635A /* ContentView.swift in Sources */,
				8446F9E82625865A0098635A /* Commic2ColumnView.swift in Sources */,
				845DF35C26AE62F70069DE10 /* HistoryView.swift in Sources */,
				842A24EA263948460092A45A /* KeyboardAwareModifier.swift in Sources */,
				84393AFD267C9155005101FD /* CommentInputView.swift in Sources */,
				84251114263280AB008FD335 /* HomeView.swift in Sources */,
				84880ED62637C2C000214F3C /* TestCarouselView.swift in Sources */,
				84A454DC26720F69002499B2 /* TrailerView.swift in Sources */,
				8479C3BA2673196C00CCBDB0 /* SearchCategory.swift in Sources */,
				84EE847A26BBC8170094DE7E /* APIError.swift in Sources */,
				84D563A426AF060D006127DF /* ForgotPasswordView.swift in Sources */,
				84EE847926BBC8170094DE7E /* APIDataTaskPublisher.swift in Sources */,
				8479C3BE26733A0600CCBDB0 /* ViewMoreView.swift in Sources */,
				8405F22B267B514F004B1CC0 /* CacheImageView.swift in Sources */,
				840A858226AE8F1E00FDEF38 /* TextFieldView.swift in Sources */,
				8405F229267B4703004B1CC0 /* BindingExtension.swift in Sources */,
				8446F9A6262575FF0098635A /* TruyenTranh24hApp.swift in Sources */,
				845DF36226AE6B080069DE10 /* OrrangeButtonView.swift in Sources */,
				845DF36426AE70F40069DE10 /* RegisterLoginView.swift in Sources */,
				84EE848E26BBC8D90094DE7E /* Entry.swift in Sources */,
				848782B7267C397A002AF315 /* StoryToolbarView.swift in Sources */,
				84EE848D26BBC8D90094DE7E /* User.swift in Sources */,
				845DF35E26AE64330069DE10 /* FollowView.swift in Sources */,
				842EE06F26746B16007B1358 /* Comment.swift in Sources */,
				8446F9E3262580FC0098635A /* Color+Extension.swift in Sources */,
				84D6A2A6266A03FC0029B8D1 /* SearchFieldView.swift in Sources */,
				840C9509269944C6009DC838 /* ReadStoryView.swift in Sources */,
				845DF35626AE5C150069DE10 /* CategoryView.swift in Sources */,
				84EE849126BBC90C0094DE7E /* NotificationCenter+Extension.swift in Sources */,
				849C3C5226A9213F008906C4 /* ListStoryThumbnailView.swift in Sources */,
				84A454DA267208FB002499B2 /* TrailerViewItem.swift in Sources */,
				84EE846926BB9A8C0094DE7E /* NewPasswordView.swift in Sources */,
				844698BB267732790081E6BA /* StarView.swift in Sources */,
				849B5BBF2678A2BB009ECDD7 /* LineView.swift in Sources */,
				8405F223267B343E004B1CC0 /* HeaderBackgroundView.swift in Sources */,
				8479C3B62673184100CCBDB0 /* SearchCategoryItemView.swift in Sources */,
				8480FBEF2637F3430063976C /* StoryView.swift in Sources */,
				8405F227267B43D0004B1CC0 /* ViewExtension.swift in Sources */,
				84EE848826BBC8C50094DE7E /* TokenManager.swift in Sources */,
				84EE848F26BBC8D90094DE7E /* MetaData.swift in Sources */,
				8405F225267B423F004B1CC0 /* ScrollOffSetViewModifier.swift in Sources */,
				849C3C5426A9256B008906C4 /* StoryThumbnailFullDetailView.swift in Sources */,
				84EE848326BBC8170094DE7E /* APISessionDataPublisher.swift in Sources */,
				84A1693F2628310F001831AD /* TestView.swift in Sources */,
				8446F9EE26258DBF0098635A /* Story.swift in Sources */,
				84EE847B26BBC8170094DE7E /* APIAuthentication.swift in Sources */,
				842A24E4263946F70092A45A /* InfiniteProgressView.swift in Sources */,
				84EE848526BBC83A0094DE7E /* StoryAPI.swift in Sources */,
				844698B926772EEF0081E6BA /* StoryHeaderView.swift in Sources */,
				84EE848226BBC8170094DE7E /* API.swift in Sources */,
				84534D142668CCE500376726 /* CategoryItemView.swift in Sources */,
				842A24E6263947F70092A45A /* RefreshView.swift in Sources */,
				84EE847C26BBC8170094DE7E /* URLSetting.swift in Sources */,
				842A24E8263948140092A45A /* ErrorView.swift in Sources */,
				849B5BBD26788917009ECDD7 /* NavBarAccessor.swift in Sources */,
				841997F626269C98009BDD4B /* Chapter.swift in Sources */,
				84393B00267C953E005101FD /* ChapterItemView.swift in Sources */,
				845DF35826AE5D160069DE10 /* HorizontalCategorySimpleView.swift in Sources */,
				84534D162668CD3B00376726 /* Category.swift in Sources */,
			);
			runOnlyForDeploymentPostprocessing = 0;
		};
		8446F9AF262576020098635A /* Sources */ = {
			isa = PBXSourcesBuildPhase;
			buildActionMask = 2147483647;
			files = (
				84CFF93D262598CD0034CACB /* SampleDataTest.swift in Sources */,
			);
			runOnlyForDeploymentPostprocessing = 0;
		};
/* End PBXSourcesBuildPhase section */

/* Begin PBXTargetDependency section */
		8446F9B5262576020098635A /* PBXTargetDependency */ = {
			isa = PBXTargetDependency;
			target = 8446F9A1262575FF0098635A /* TruyenTranh24h */;
			targetProxy = 8446F9B4262576020098635A /* PBXContainerItemProxy */;
		};
/* End PBXTargetDependency section */

/* Begin PBXVariantGroup section */
		849EF3E52626A7A300EB6429 /* Localizable.strings */ = {
			isa = PBXVariantGroup;
			children = (
				849EF3E42626A7A300EB6429 /* en */,
				849EF3E62626A7A800EB6429 /* vi */,
			);
			name = Localizable.strings;
			sourceTree = "<group>";
		};
/* End PBXVariantGroup section */

/* Begin XCBuildConfiguration section */
		8446F9C5262576020098635A /* Debug */ = {
			isa = XCBuildConfiguration;
			buildSettings = {
				ALWAYS_SEARCH_USER_PATHS = NO;
				CLANG_ANALYZER_LOCALIZABILITY_NONLOCALIZED = YES;
				CLANG_ANALYZER_NONNULL = YES;
				CLANG_ANALYZER_NUMBER_OBJECT_CONVERSION = YES_AGGRESSIVE;
				CLANG_CXX_LANGUAGE_STANDARD = "gnu++14";
				CLANG_CXX_LIBRARY = "libc++";
				CLANG_ENABLE_MODULES = YES;
				CLANG_ENABLE_OBJC_ARC = YES;
				CLANG_ENABLE_OBJC_WEAK = YES;
				CLANG_WARN_BLOCK_CAPTURE_AUTORELEASING = YES;
				CLANG_WARN_BOOL_CONVERSION = YES;
				CLANG_WARN_COMMA = YES;
				CLANG_WARN_CONSTANT_CONVERSION = YES;
				CLANG_WARN_DEPRECATED_OBJC_IMPLEMENTATIONS = YES;
				CLANG_WARN_DIRECT_OBJC_ISA_USAGE = YES_ERROR;
				CLANG_WARN_DOCUMENTATION_COMMENTS = YES;
				CLANG_WARN_EMPTY_BODY = YES;
				CLANG_WARN_ENUM_CONVERSION = YES;
				CLANG_WARN_INFINITE_RECURSION = YES;
				CLANG_WARN_INT_CONVERSION = YES;
				CLANG_WARN_NON_LITERAL_NULL_CONVERSION = YES;
				CLANG_WARN_OBJC_IMPLICIT_RETAIN_SELF = YES;
				CLANG_WARN_OBJC_LITERAL_CONVERSION = YES;
				CLANG_WARN_OBJC_ROOT_CLASS = YES_ERROR;
				CLANG_WARN_QUOTED_INCLUDE_IN_FRAMEWORK_HEADER = YES;
				CLANG_WARN_RANGE_LOOP_ANALYSIS = YES;
				CLANG_WARN_STRICT_PROTOTYPES = YES;
				CLANG_WARN_SUSPICIOUS_MOVE = YES;
				CLANG_WARN_UNGUARDED_AVAILABILITY = YES_AGGRESSIVE;
				CLANG_WARN_UNREACHABLE_CODE = YES;
				CLANG_WARN__DUPLICATE_METHOD_MATCH = YES;
				COPY_PHASE_STRIP = NO;
				DEBUG_INFORMATION_FORMAT = dwarf;
				ENABLE_STRICT_OBJC_MSGSEND = YES;
				ENABLE_TESTABILITY = YES;
				GCC_C_LANGUAGE_STANDARD = gnu11;
				GCC_DYNAMIC_NO_PIC = NO;
				GCC_NO_COMMON_BLOCKS = YES;
				GCC_OPTIMIZATION_LEVEL = 0;
				GCC_PREPROCESSOR_DEFINITIONS = (
					"DEBUG=1",
					"$(inherited)",
				);
				GCC_WARN_64_TO_32_BIT_CONVERSION = YES;
				GCC_WARN_ABOUT_RETURN_TYPE = YES_ERROR;
				GCC_WARN_UNDECLARED_SELECTOR = YES;
				GCC_WARN_UNINITIALIZED_AUTOS = YES_AGGRESSIVE;
				GCC_WARN_UNUSED_FUNCTION = YES;
				GCC_WARN_UNUSED_VARIABLE = YES;
				IPHONEOS_DEPLOYMENT_TARGET = 14.3;
				MTL_ENABLE_DEBUG_INFO = INCLUDE_SOURCE;
				MTL_FAST_MATH = YES;
				ONLY_ACTIVE_ARCH = YES;
				SDKROOT = iphoneos;
				SWIFT_ACTIVE_COMPILATION_CONDITIONS = DEBUG;
				SWIFT_OPTIMIZATION_LEVEL = "-Onone";
			};
			name = Debug;
		};
		8446F9C6262576020098635A /* Release */ = {
			isa = XCBuildConfiguration;
			buildSettings = {
				ALWAYS_SEARCH_USER_PATHS = NO;
				CLANG_ANALYZER_LOCALIZABILITY_NONLOCALIZED = YES;
				CLANG_ANALYZER_NONNULL = YES;
				CLANG_ANALYZER_NUMBER_OBJECT_CONVERSION = YES_AGGRESSIVE;
				CLANG_CXX_LANGUAGE_STANDARD = "gnu++14";
				CLANG_CXX_LIBRARY = "libc++";
				CLANG_ENABLE_MODULES = YES;
				CLANG_ENABLE_OBJC_ARC = YES;
				CLANG_ENABLE_OBJC_WEAK = YES;
				CLANG_WARN_BLOCK_CAPTURE_AUTORELEASING = YES;
				CLANG_WARN_BOOL_CONVERSION = YES;
				CLANG_WARN_COMMA = YES;
				CLANG_WARN_CONSTANT_CONVERSION = YES;
				CLANG_WARN_DEPRECATED_OBJC_IMPLEMENTATIONS = YES;
				CLANG_WARN_DIRECT_OBJC_ISA_USAGE = YES_ERROR;
				CLANG_WARN_DOCUMENTATION_COMMENTS = YES;
				CLANG_WARN_EMPTY_BODY = YES;
				CLANG_WARN_ENUM_CONVERSION = YES;
				CLANG_WARN_INFINITE_RECURSION = YES;
				CLANG_WARN_INT_CONVERSION = YES;
				CLANG_WARN_NON_LITERAL_NULL_CONVERSION = YES;
				CLANG_WARN_OBJC_IMPLICIT_RETAIN_SELF = YES;
				CLANG_WARN_OBJC_LITERAL_CONVERSION = YES;
				CLANG_WARN_OBJC_ROOT_CLASS = YES_ERROR;
				CLANG_WARN_QUOTED_INCLUDE_IN_FRAMEWORK_HEADER = YES;
				CLANG_WARN_RANGE_LOOP_ANALYSIS = YES;
				CLANG_WARN_STRICT_PROTOTYPES = YES;
				CLANG_WARN_SUSPICIOUS_MOVE = YES;
				CLANG_WARN_UNGUARDED_AVAILABILITY = YES_AGGRESSIVE;
				CLANG_WARN_UNREACHABLE_CODE = YES;
				CLANG_WARN__DUPLICATE_METHOD_MATCH = YES;
				COPY_PHASE_STRIP = NO;
				DEBUG_INFORMATION_FORMAT = "dwarf-with-dsym";
				ENABLE_NS_ASSERTIONS = NO;
				ENABLE_STRICT_OBJC_MSGSEND = YES;
				GCC_C_LANGUAGE_STANDARD = gnu11;
				GCC_NO_COMMON_BLOCKS = YES;
				GCC_WARN_64_TO_32_BIT_CONVERSION = YES;
				GCC_WARN_ABOUT_RETURN_TYPE = YES_ERROR;
				GCC_WARN_UNDECLARED_SELECTOR = YES;
				GCC_WARN_UNINITIALIZED_AUTOS = YES_AGGRESSIVE;
				GCC_WARN_UNUSED_FUNCTION = YES;
				GCC_WARN_UNUSED_VARIABLE = YES;
				IPHONEOS_DEPLOYMENT_TARGET = 14.3;
				MTL_ENABLE_DEBUG_INFO = NO;
				MTL_FAST_MATH = YES;
				SDKROOT = iphoneos;
				SWIFT_COMPILATION_MODE = wholemodule;
				SWIFT_OPTIMIZATION_LEVEL = "-O";
				VALIDATE_PRODUCT = YES;
			};
			name = Release;
		};
		8446F9C8262576020098635A /* Debug */ = {
			isa = XCBuildConfiguration;
			buildSettings = {
				ASSETCATALOG_COMPILER_APPICON_NAME = AppIcon;
				ASSETCATALOG_COMPILER_GLOBAL_ACCENT_COLOR_NAME = AccentColor;
				CODE_SIGN_STYLE = Automatic;
				DEVELOPMENT_ASSET_PATHS = "\"TruyenTranh24h/Preview Content\"";
				DEVELOPMENT_TEAM = 9RUFVFAF79;
				ENABLE_PREVIEWS = YES;
				INFOPLIST_FILE = TruyenTranh24h/Info.plist;
				IPHONEOS_DEPLOYMENT_TARGET = 14.0;
				LD_RUNPATH_SEARCH_PATHS = (
					"$(inherited)",
					"@executable_path/Frameworks",
				);
				PRODUCT_BUNDLE_IDENTIFIER = filesoft.co.TruyenTranh24h;
				PRODUCT_NAME = "$(TARGET_NAME)";
				SWIFT_VERSION = 5.0;
				TARGETED_DEVICE_FAMILY = 1;
			};
			name = Debug;
		};
		8446F9C9262576020098635A /* Release */ = {
			isa = XCBuildConfiguration;
			buildSettings = {
				ASSETCATALOG_COMPILER_APPICON_NAME = AppIcon;
				ASSETCATALOG_COMPILER_GLOBAL_ACCENT_COLOR_NAME = AccentColor;
				CODE_SIGN_STYLE = Automatic;
				DEVELOPMENT_ASSET_PATHS = "\"TruyenTranh24h/Preview Content\"";
				DEVELOPMENT_TEAM = 9RUFVFAF79;
				ENABLE_PREVIEWS = YES;
				INFOPLIST_FILE = TruyenTranh24h/Info.plist;
				IPHONEOS_DEPLOYMENT_TARGET = 14.0;
				LD_RUNPATH_SEARCH_PATHS = (
					"$(inherited)",
					"@executable_path/Frameworks",
				);
				PRODUCT_BUNDLE_IDENTIFIER = filesoft.co.TruyenTranh24h;
				PRODUCT_NAME = "$(TARGET_NAME)";
				SWIFT_VERSION = 5.0;
				TARGETED_DEVICE_FAMILY = 1;
			};
			name = Release;
		};
		8446F9CB262576020098635A /* Debug */ = {
			isa = XCBuildConfiguration;
			buildSettings = {
				ALWAYS_EMBED_SWIFT_STANDARD_LIBRARIES = YES;
				BUNDLE_LOADER = "$(TEST_HOST)";
				CODE_SIGN_STYLE = Automatic;
				DEVELOPMENT_TEAM = 9RUFVFAF79;
				INFOPLIST_FILE = TruyenTranh24hTests/Info.plist;
				IPHONEOS_DEPLOYMENT_TARGET = 14.0;
				LD_RUNPATH_SEARCH_PATHS = (
					"$(inherited)",
					"@executable_path/Frameworks",
					"@loader_path/Frameworks",
				);
				PRODUCT_BUNDLE_IDENTIFIER = filesoft.co.TruyenTranh24hTests;
				PRODUCT_NAME = "$(TARGET_NAME)";
				SWIFT_VERSION = 5.0;
				TARGETED_DEVICE_FAMILY = "1,2";
				TEST_HOST = "$(BUILT_PRODUCTS_DIR)/TruyenTranh24h.app/TruyenTranh24h";
			};
			name = Debug;
		};
		8446F9CC262576020098635A /* Release */ = {
			isa = XCBuildConfiguration;
			buildSettings = {
				ALWAYS_EMBED_SWIFT_STANDARD_LIBRARIES = YES;
				BUNDLE_LOADER = "$(TEST_HOST)";
				CODE_SIGN_STYLE = Automatic;
				DEVELOPMENT_TEAM = 9RUFVFAF79;
				INFOPLIST_FILE = TruyenTranh24hTests/Info.plist;
				IPHONEOS_DEPLOYMENT_TARGET = 14.0;
				LD_RUNPATH_SEARCH_PATHS = (
					"$(inherited)",
					"@executable_path/Frameworks",
					"@loader_path/Frameworks",
				);
				PRODUCT_BUNDLE_IDENTIFIER = filesoft.co.TruyenTranh24hTests;
				PRODUCT_NAME = "$(TARGET_NAME)";
				SWIFT_VERSION = 5.0;
				TARGETED_DEVICE_FAMILY = "1,2";
				TEST_HOST = "$(BUILT_PRODUCTS_DIR)/TruyenTranh24h.app/TruyenTranh24h";
			};
			name = Release;
		};
/* End XCBuildConfiguration section */

/* Begin XCConfigurationList section */
		8446F99D262575FF0098635A /* Build configuration list for PBXProject "TruyenTranh24h" */ = {
			isa = XCConfigurationList;
			buildConfigurations = (
				8446F9C5262576020098635A /* Debug */,
				8446F9C6262576020098635A /* Release */,
			);
			defaultConfigurationIsVisible = 0;
			defaultConfigurationName = Release;
		};
		8446F9C7262576020098635A /* Build configuration list for PBXNativeTarget "TruyenTranh24h" */ = {
			isa = XCConfigurationList;
			buildConfigurations = (
				8446F9C8262576020098635A /* Debug */,
				8446F9C9262576020098635A /* Release */,
			);
			defaultConfigurationIsVisible = 0;
			defaultConfigurationName = Release;
		};
		8446F9CA262576020098635A /* Build configuration list for PBXNativeTarget "TruyenTranh24hTests" */ = {
			isa = XCConfigurationList;
			buildConfigurations = (
				8446F9CB262576020098635A /* Debug */,
				8446F9CC262576020098635A /* Release */,
			);
			defaultConfigurationIsVisible = 0;
			defaultConfigurationName = Release;
		};
/* End XCConfigurationList section */

/* Begin XCRemoteSwiftPackageReference section */
		842E33AF2636AA5100A9D7A2 /* XCRemoteSwiftPackageReference "RemoteImageView" */ = {
			isa = XCRemoteSwiftPackageReference;
			repositoryURL = "https://github.com/phuhuynh2411/RemoteImageView.git";
			requirement = {
				kind = upToNextMajorVersion;
				minimumVersion = 1.0.2;
			};
		};
		849311FA2679FC910011AE5C /* XCRemoteSwiftPackageReference "url-image" */ = {
			isa = XCRemoteSwiftPackageReference;
			repositoryURL = "https://github.com/phuhuynh2411/url-image.git";
			requirement = {
				kind = upToNextMajorVersion;
				minimumVersion = 3.1.0;
			};
		};
/* End XCRemoteSwiftPackageReference section */

/* Begin XCSwiftPackageProductDependency section */
		842E33B02636AA5100A9D7A2 /* RemoteImageView */ = {
			isa = XCSwiftPackageProductDependency;
			package = 842E33AF2636AA5100A9D7A2 /* XCRemoteSwiftPackageReference "RemoteImageView" */;
			productName = RemoteImageView;
		};
		842E33D32636B0FE00A9D7A2 /* CarouselView */ = {
			isa = XCSwiftPackageProductDependency;
			productName = CarouselView;
		};
		8441BB052632A53800F08AD9 /* RefreshableScrollView */ = {
			isa = XCSwiftPackageProductDependency;
			productName = RefreshableScrollView;
		};
		849311FB2679FC910011AE5C /* URLImageStore */ = {
			isa = XCSwiftPackageProductDependency;
			package = 849311FA2679FC910011AE5C /* XCRemoteSwiftPackageReference "url-image" */;
			productName = URLImageStore;
		};
		849311FD2679FC910011AE5C /* URLImage */ = {
			isa = XCSwiftPackageProductDependency;
			package = 849311FA2679FC910011AE5C /* XCRemoteSwiftPackageReference "url-image" */;
			productName = URLImage;
		};
/* End XCSwiftPackageProductDependency section */
	};
	rootObject = 8446F99A262575FF0098635A /* Project object */;
}
